Microsoft Visual Studio Solution File, Format Version 12.00
# Visual Studio Version 17
VisualStudioVersion = 17.5.2.0
MinimumVisualStudioVersion = 10.0.40219.1
Project("{FAE04EC0-301F-11D3-BF4B-00C04F79EFBC}") = "GenXdev.FileSystem", "GenXdev.FileSystem.csproj", "{224DA842-DD29-82DA-002B-25FA95387B06}"
EndProject
Global
	GlobalSection(SolutionConfigurationPlatforms) = preSolution
		Debug|Any CPU = Debug|Any CPU
		Release|Any CPU = Release|Any CPU
	EndGlobalSection
	GlobalSection(ProjectConfigurationPlatforms) = postSolution
		{224DA842-DD29-82DA-002B-25FA95387B06}.Debug|Any CPU.ActiveCfg = Debug|Any CPU
		{224DA842-DD29-82DA-002B-25FA95387B06}.Debug|Any CPU.Build.0 = Debug|Any CPU
		{224DA842-DD29-82DA-002B-25FA95387B06}.Release|Any CPU.ActiveCfg = Release|Any CPU
		{224DA842-DD29-82DA-002B-25FA95387B06}.Release|Any CPU.Build.0 = Release|Any CPU
	EndGlobalSection
	GlobalSection(SolutionProperties) = preSolution
		HideSolutionNode = FALSE
	EndGlobalSection
	GlobalSection(ExtensibilityGlobals) = postSolution
		SolutionGuid = {262D376D-B1F7-4BAE-B957-6FB58CE54B4D}
	EndGlobalSection
EndGlobal
